
Microsoft Visual Studio Solution File, Format Version 12.00
# Visual Studio 2013
VisualStudioVersion = 12.0.31101.0
MinimumVisualStudioVersion = 10.0.40219.1
Project("{FAE04EC0-301F-11D3-BF4B-00C04F79EFBC}") = "YahooFinanceManaged.UnitTest", "YahooFinanceManaged.UnitTest.csproj", "{4CFD0BF4-677E-422D-AA6B-0DFD09D33889}"
EndProject
Project("{FAE04EC0-301F-11D3-BF4B-00C04F79EFBC}") = "YahooFinanceManaged.NET45", "..\YahooFinanceManaged.Builds\YahooFinanceManaged.NET45\YahooFinanceManaged.NET45.csproj", "{F26DE47E-C936-405A-9C2A-9D23A8F1252B}"
EndProject
Global
	GlobalSection(SolutionConfigurationPlatforms) = preSolution
		Debug|Any CPU = Debug|Any CPU
		Release|Any CPU = Release|Any CPU
	EndGlobalSection
	GlobalSection(ProjectConfigurationPlatforms) = postSolution
		{4CFD0BF4-677E-422D-AA6B-0DFD09D33889}.Debug|Any CPU.ActiveCfg = Debug|Any CPU
		{4CFD0BF4-677E-422D-AA6B-0DFD09D33889}.Debug|Any CPU.Build.0 = Debug|Any CPU
		{4CFD0BF4-677E-422D-AA6B-0DFD09D33889}.Release|Any CPU.ActiveCfg = Release|Any CPU
		{4CFD0BF4-677E-422D-AA6B-0DFD09D33889}.Release|Any CPU.Build.0 = Release|Any CPU
		{F26DE47E-C936-405A-9C2A-9D23A8F1252B}.Debug|Any CPU.ActiveCfg = Debug|Any CPU
		{F26DE47E-C936-405A-9C2A-9D23A8F1252B}.Debug|Any CPU.Build.0 = Debug|Any CPU
		{F26DE47E-C936-405A-9C2A-9D23A8F1252B}.Release|Any CPU.ActiveCfg = Release|Any CPU
		{F26DE47E-C936-405A-9C2A-9D23A8F1252B}.Release|Any CPU.Build.0 = Release|Any CPU
	EndGlobalSection
	GlobalSection(SolutionProperties) = preSolution
		HideSolutionNode = FALSE
	EndGlobalSection
EndGlobal
